
Microsoft Visual Studio Solution File, Format Version 12.00
# Visual Studio Version 17
VisualStudioVersion = 17.5.33627.172
MinimumVisualStudioVersion = 10.0.40219.1
Project("{FAE04EC0-301F-11D3-BF4B-00C04F79EFBC}") = "TicketDetalle.Server", "TicketDetalle\Server\TicketDetalle.Server.csproj", "{DC16CDEB-6671-47A2-9C80-B91CE7B0D0C0}"
EndProject
Project("{FAE04EC0-301F-11D3-BF4B-00C04F79EFBC}") = "TicketDetalle.Client", "TicketDetalle\Client\TicketDetalle.Client.csproj", "{8A4DBEFC-D8B6-443F-AF23-6D58784310DF}"
EndProject
Project("{FAE04EC0-301F-11D3-BF4B-00C04F79EFBC}") = "TicketDetalle.Shared", "TicketDetalle\Shared\TicketDetalle.Shared.csproj", "{3CBD2AB6-70C4-4040-B477-2C11BF4AFBF0}"
EndProject
Global
	GlobalSection(SolutionConfigurationPlatforms) = preSolution
		Debug|Any CPU = Debug|Any CPU
		Release|Any CPU = Release|Any CPU
	EndGlobalSection
	GlobalSection(ProjectConfigurationPlatforms) = postSolution
		{DC16CDEB-6671-47A2-9C80-B91CE7B0D0C0}.Debug|Any CPU.ActiveCfg = Debug|Any CPU
		{DC16CDEB-6671-47A2-9C80-B91CE7B0D0C0}.Debug|Any CPU.Build.0 = Debug|Any CPU
		{DC16CDEB-6671-47A2-9C80-B91CE7B0D0C0}.Release|Any CPU.ActiveCfg = Release|Any CPU
		{DC16CDEB-6671-47A2-9C80-B91CE7B0D0C0}.Release|Any CPU.Build.0 = Release|Any CPU
		{8A4DBEFC-D8B6-443F-AF23-6D58784310DF}.Debug|Any CPU.ActiveCfg = Debug|Any CPU
		{8A4DBEFC-D8B6-443F-AF23-6D58784310DF}.Debug|Any CPU.Build.0 = Debug|Any CPU
		{8A4DBEFC-D8B6-443F-AF23-6D58784310DF}.Release|Any CPU.ActiveCfg = Release|Any CPU
		{8A4DBEFC-D8B6-443F-AF23-6D58784310DF}.Release|Any CPU.Build.0 = Release|Any CPU
		{3CBD2AB6-70C4-4040-B477-2C11BF4AFBF0}.Debug|Any CPU.ActiveCfg = Debug|Any CPU
		{3CBD2AB6-70C4-4040-B477-2C11BF4AFBF0}.Debug|Any CPU.Build.0 = Debug|Any CPU
		{3CBD2AB6-70C4-4040-B477-2C11BF4AFBF0}.Release|Any CPU.ActiveCfg = Release|Any CPU
		{3CBD2AB6-70C4-4040-B477-2C11BF4AFBF0}.Release|Any CPU.Build.0 = Release|Any CPU
	EndGlobalSection
	GlobalSection(SolutionProperties) = preSolution
		HideSolutionNode = FALSE
	EndGlobalSection
	GlobalSection(ExtensibilityGlobals) = postSolution
		SolutionGuid = {48B995BF-B496-4D58-B237-4DCB367608B1}
	EndGlobalSection
EndGlobal
